
Microsoft Visual Studio Solution File, Format Version 12.00
# Visual Studio Version 17
VisualStudioVersion = 17.7.34003.232
MinimumVisualStudioVersion = 10.0.40219.1
Project("{9A19103F-16F7-4668-BE54-9A1E7A4F7556}") = "BlazorCRUDApp", "BlazorCRUDApp\BlazorCRUDApp.csproj", "{993946EC-9F32-4DC2-9C35-388E8E55915B}"
EndProject
Project("{9A19103F-16F7-4668-BE54-9A1E7A4F7556}") = "BlazorCRUDApp.Models", "BlazorCRUDApp.Models\BlazorCRUDApp.Models.csproj", "{AF29ECD1-DA39-41CA-95CB-C9D466703DB0}"
EndProject
Project("{9A19103F-16F7-4668-BE54-9A1E7A4F7556}") = "BlazorCRUDApp.Api", "BlazorCRUDApp.Api\BlazorCRUDApp.Api.csproj", "{AFE66902-8FC0-4F60-9F6D-6D4AD303E426}"
EndProject
Global
	GlobalSection(SolutionConfigurationPlatforms) = preSolution
		Debug|Any CPU = Debug|Any CPU
		Release|Any CPU = Release|Any CPU
	EndGlobalSection
	GlobalSection(ProjectConfigurationPlatforms) = postSolution
		{993946EC-9F32-4DC2-9C35-388E8E55915B}.Debug|Any CPU.ActiveCfg = Debug|Any CPU
		{993946EC-9F32-4DC2-9C35-388E8E55915B}.Debug|Any CPU.Build.0 = Debug|Any CPU
		{993946EC-9F32-4DC2-9C35-388E8E55915B}.Release|Any CPU.ActiveCfg = Release|Any CPU
		{993946EC-9F32-4DC2-9C35-388E8E55915B}.Release|Any CPU.Build.0 = Release|Any CPU
		{AF29ECD1-DA39-41CA-95CB-C9D466703DB0}.Debug|Any CPU.ActiveCfg = Debug|Any CPU
		{AF29ECD1-DA39-41CA-95CB-C9D466703DB0}.Debug|Any CPU.Build.0 = Debug|Any CPU
		{AF29ECD1-DA39-41CA-95CB-C9D466703DB0}.Release|Any CPU.ActiveCfg = Release|Any CPU
		{AF29ECD1-DA39-41CA-95CB-C9D466703DB0}.Release|Any CPU.Build.0 = Release|Any CPU
		{AFE66902-8FC0-4F60-9F6D-6D4AD303E426}.Debug|Any CPU.ActiveCfg = Debug|Any CPU
		{AFE66902-8FC0-4F60-9F6D-6D4AD303E426}.Debug|Any CPU.Build.0 = Debug|Any CPU
		{AFE66902-8FC0-4F60-9F6D-6D4AD303E426}.Release|Any CPU.ActiveCfg = Release|Any CPU
		{AFE66902-8FC0-4F60-9F6D-6D4AD303E426}.Release|Any CPU.Build.0 = Release|Any CPU
	EndGlobalSection
	GlobalSection(SolutionProperties) = preSolution
		HideSolutionNode = FALSE
	EndGlobalSection
	GlobalSection(ExtensibilityGlobals) = postSolution
		SolutionGuid = {702690E0-1E50-4108-ACF2-9934E98CCE63}
	EndGlobalSection
EndGlobal
